
Microsoft Visual Studio Solution File, Format Version 12.00
# Visual Studio 2012
Project("{FAE04EC0-301F-11D3-BF4B-00C04F79EFBC}") = "back_office", "back_office\back_office.csproj", "{1D470F5D-CA62-48A6-9C5A-EDFAFE59B3A1}"
EndProject
Project("{FAE04EC0-301F-11D3-BF4B-00C04F79EFBC}") = "unit_tests_back_office", "unit_tests_back_office\unit_tests_back_office.csproj", "{8F8D67EF-4B16-464C-9796-09E99D13D32A}"
EndProject
Global
	GlobalSection(SolutionConfigurationPlatforms) = preSolution
		Debug|Any CPU = Debug|Any CPU
		Release|Any CPU = Release|Any CPU
	EndGlobalSection
	GlobalSection(ProjectConfigurationPlatforms) = postSolution
		{1D470F5D-CA62-48A6-9C5A-EDFAFE59B3A1}.Debug|Any CPU.ActiveCfg = Debug|Any CPU
		{1D470F5D-CA62-48A6-9C5A-EDFAFE59B3A1}.Debug|Any CPU.Build.0 = Debug|Any CPU
		{1D470F5D-CA62-48A6-9C5A-EDFAFE59B3A1}.Release|Any CPU.ActiveCfg = Release|Any CPU
		{1D470F5D-CA62-48A6-9C5A-EDFAFE59B3A1}.Release|Any CPU.Build.0 = Release|Any CPU
		{8F8D67EF-4B16-464C-9796-09E99D13D32A}.Debug|Any CPU.ActiveCfg = Debug|Any CPU
		{8F8D67EF-4B16-464C-9796-09E99D13D32A}.Debug|Any CPU.Build.0 = Debug|Any CPU
		{8F8D67EF-4B16-464C-9796-09E99D13D32A}.Release|Any CPU.ActiveCfg = Release|Any CPU
		{8F8D67EF-4B16-464C-9796-09E99D13D32A}.Release|Any CPU.Build.0 = Release|Any CPU
	EndGlobalSection
	GlobalSection(SolutionProperties) = preSolution
		HideSolutionNode = FALSE
	EndGlobalSection
EndGlobal
